
Microsoft Visual Studio Solution File, Format Version 12.00
# Visual Studio Version 17
VisualStudioVersion = 17.11.35327.3
MinimumVisualStudioVersion = 10.0.40219.1
Project("{8BC9CEB8-8B4A-11D0-8D11-00A0C91BC942}") = "Editor_Window", "Editor_Window\Editor_Window.vcxproj", "{F83AD574-F514-425E-8E07-A1EF8EF9AC96}"
EndProject
Global
	GlobalSection(SolutionConfigurationPlatforms) = preSolution
		Debug|x64 = Debug|x64
		Debug|x86 = Debug|x86
		Release|x64 = Release|x64
		Release|x86 = Release|x86
	EndGlobalSection
	GlobalSection(ProjectConfigurationPlatforms) = postSolution
		{F83AD574-F514-425E-8E07-A1EF8EF9AC96}.Debug|x64.ActiveCfg = Debug|x64
		{F83AD574-F514-425E-8E07-A1EF8EF9AC96}.Debug|x64.Build.0 = Debug|x64
		{F83AD574-F514-425E-8E07-A1EF8EF9AC96}.Debug|x86.ActiveCfg = Debug|Win32
		{F83AD574-F514-425E-8E07-A1EF8EF9AC96}.Debug|x86.Build.0 = Debug|Win32
		{F83AD574-F514-425E-8E07-A1EF8EF9AC96}.Release|x64.ActiveCfg = Release|x64
		{F83AD574-F514-425E-8E07-A1EF8EF9AC96}.Release|x64.Build.0 = Release|x64
		{F83AD574-F514-425E-8E07-A1EF8EF9AC96}.Release|x86.ActiveCfg = Release|Win32
		{F83AD574-F514-425E-8E07-A1EF8EF9AC96}.Release|x86.Build.0 = Release|Win32
	EndGlobalSection
	GlobalSection(SolutionProperties) = preSolution
		HideSolutionNode = FALSE
	EndGlobalSection
	GlobalSection(ExtensibilityGlobals) = postSolution
		SolutionGuid = {5EC9C997-F346-4371-A179-75D83EF13B52}
	EndGlobalSection
EndGlobal
