<?xml version="1.0" encoding="utf-8"?>
<Project ToolsVersion="4.0" xmlns="http://schemas.microsoft.com/developer/msbuild/2003">
  <ItemGroup>
    <Filter Include="Contents">
      <UniqueIdentifier>{920bbcef-34e3-4689-8a58-17b4ec7df793}</UniqueIdentifier>
    </Filter>
    <Filter Include="Contents\Player">
      <UniqueIdentifier>{c9b78936-c9d7-4b46-b7bb-c2b731ecdc2d}</UniqueIdentifier>
    </Filter>
    <Filter Include="Load">
      <UniqueIdentifier>{a3eb4ead-f3db-4a9e-a00e-fb26b5de38a8}</UniqueIdentifier>
    </Filter>
    <Filter Include="Scenes">
      <UniqueIdentifier>{02e73730-435c-4871-99aa-170c9292dfb5}</UniqueIdentifier>
    </Filter>
    <Filter Include="Scenes\Test">
      <UniqueIdentifier>{3e41346d-aac5-4d50-b124-704d3a06dfa2}</UniqueIdentifier>
    </Filter>
    <Filter Include="Scenes\ToolScene">
      <UniqueIdentifier>{350fc7b4-b3e3-4ca2-981f-d8253a7371ce}</UniqueIdentifier>
    </Filter>
    <Filter Include="Contents\Camera">
      <UniqueIdentifier>{4f0c6023-9e75-43a3-90c5-127d783be571}</UniqueIdentifier>
    </Filter>
    <Filter Include="Contents\Projectile">
      <UniqueIdentifier>{2b141849-3d7d-4a88-8272-d73d8144b62b}</UniqueIdentifier>
    </Filter>
    <Filter Include="Contents\Player\Shield">
      <UniqueIdentifier>{d0909364-5ab5-4242-8c95-ae85003ca7c9}</UniqueIdentifier>
    </Filter>
    <Filter Include="Contents\Player\Script">
      <UniqueIdentifier>{f838e61d-50f6-41f8-a365-258ee3c5f70c}</UniqueIdentifier>
    </Filter>
    <Filter Include="Contents\Player\Stat">
      <UniqueIdentifier>{3b321682-066b-432c-bfee-c7a3d2140144}</UniqueIdentifier>
    </Filter>
    <Filter Include="Contents\Boss">
      <UniqueIdentifier>{8ccbb8d5-f8ca-40ce-a164-8252d8383a37}</UniqueIdentifier>
    </Filter>
  </ItemGroup>
  <ItemGroup>
    <ClCompile Include="acPlayer.cpp">
      <Filter>Contents\Player</Filter>
    </ClCompile>
    <ClCompile Include="acTestScene.cpp">
      <Filter>Scenes\Test</Filter>
    </ClCompile>
    <ClCompile Include="acProjectile.cpp">
      <Filter>Contents\Projectile</Filter>
    </ClCompile>
    <ClCompile Include="acShield.cpp">
      <Filter>Contents\Player\Shield</Filter>
    </ClCompile>
    <ClCompile Include="acProjectileScriptComponent.cpp">
      <Filter>Contents\Projectile</Filter>
    </ClCompile>
    <ClCompile Include="acToolScene.cpp">
      <Filter>Scenes\ToolScene</Filter>
    </ClCompile>
    <ClCompile Include="acCameraScriptComponent.cpp">
      <Filter>Contents\Camera</Filter>
    </ClCompile>
    <ClCompile Include="acTile.cpp">
      <Filter>Scenes\ToolScene</Filter>
    </ClCompile>
    <ClCompile Include="acPlayerScriptComponent.cpp">
      <Filter>Contents\Player\Script</Filter>
    </ClCompile>
    <ClCompile Include="acPlayerStatComponent.cpp">
      <Filter>Contents\Player\Stat</Filter>
    </ClCompile>
    <ClCompile Include="acBoss.cpp">
      <Filter>Contents\Boss</Filter>
    </ClCompile>
    <ClCompile Include="acBossScriptComponent.cpp">
      <Filter>Contents\Boss</Filter>
    </ClCompile>
    <ClCompile Include="acBossStatComponent.cpp">
      <Filter>Contents\Boss</Filter>
    </ClCompile>
  </ItemGroup>
  <ItemGroup>
    <ClInclude Include="acPlayer.h">
      <Filter>Contents\Player</Filter>
    </ClInclude>
    <ClInclude Include="acLoadScenes.h">
      <Filter>Load</Filter>
    </ClInclude>
    <ClInclude Include="acLoadResources.h">
      <Filter>Load</Filter>
    </ClInclude>
    <ClInclude Include="acTestScene.h">
      <Filter>Scenes\Test</Filter>
    </ClInclude>
    <ClInclude Include="acProjectile.h">
      <Filter>Contents\Projectile</Filter>
    </ClInclude>
    <ClInclude Include="acShield.h">
      <Filter>Contents\Player\Shield</Filter>
    </ClInclude>
    <ClInclude Include="acProjectileScriptComponent.h">
      <Filter>Contents\Projectile</Filter>
    </ClInclude>
    <ClInclude Include="acToolScene.h">
      <Filter>Scenes\ToolScene</Filter>
    </ClInclude>
    <ClInclude Include="acCameraScriptComponent.h">
      <Filter>Contents\Camera</Filter>
    </ClInclude>
    <ClInclude Include="acTile.h">
      <Filter>Scenes\ToolScene</Filter>
    </ClInclude>
    <ClInclude Include="acPlayerScriptComponent.h">
      <Filter>Contents\Player\Script</Filter>
    </ClInclude>
    <ClInclude Include="acPlayerStatComponent.h">
      <Filter>Contents\Player\Stat</Filter>
    </ClInclude>
    <ClInclude Include="acBoss.h">
      <Filter>Contents\Boss</Filter>
    </ClInclude>
    <ClInclude Include="acBossScriptComponent.h">
      <Filter>Contents\Boss</Filter>
    </ClInclude>
    <ClInclude Include="acBossStatComponent.h">
      <Filter>Contents\Boss</Filter>
    </ClInclude>
  </ItemGroup>
</Project>