<?xml version="1.0" encoding="utf-8"?>
<Project ToolsVersion="4.0" xmlns="http://schemas.microsoft.com/developer/msbuild/2003">
  <ItemGroup>
    <Filter Include="Contents">
      <UniqueIdentifier>{920bbcef-34e3-4689-8a58-17b4ec7df793}</UniqueIdentifier>
    </Filter>
    <Filter Include="Contents\Player">
      <UniqueIdentifier>{c9b78936-c9d7-4b46-b7bb-c2b731ecdc2d}</UniqueIdentifier>
    </Filter>
    <Filter Include="Load">
      <UniqueIdentifier>{a3eb4ead-f3db-4a9e-a00e-fb26b5de38a8}</UniqueIdentifier>
    </Filter>
    <Filter Include="Scenes">
      <UniqueIdentifier>{02e73730-435c-4871-99aa-170c9292dfb5}</UniqueIdentifier>
    </Filter>
    <Filter Include="Scenes\Test">
      <UniqueIdentifier>{3e41346d-aac5-4d50-b124-704d3a06dfa2}</UniqueIdentifier>
    </Filter>
  </ItemGroup>
  <ItemGroup>
    <ClCompile Include="acPlayer.cpp">
      <Filter>Contents\Player</Filter>
    </ClCompile>
    <ClCompile Include="acPlayerScriptComponent.cpp">
      <Filter>Contents\Player</Filter>
    </ClCompile>
    <ClCompile Include="acTestScene.cpp">
      <Filter>Scenes\Test</Filter>
    </ClCompile>
  </ItemGroup>
  <ItemGroup>
    <ClInclude Include="acPlayer.h">
      <Filter>Contents\Player</Filter>
    </ClInclude>
    <ClInclude Include="acPlayerScriptComponent.h">
      <Filter>Contents\Player</Filter>
    </ClInclude>
    <ClInclude Include="acLoadScenes.h">
      <Filter>Load</Filter>
    </ClInclude>
    <ClInclude Include="acLoadResources.h">
      <Filter>Load</Filter>
    </ClInclude>
    <ClInclude Include="acTestScene.h">
      <Filter>Scenes\Test</Filter>
    </ClInclude>
  </ItemGroup>
</Project>