<?xml version="1.0" encoding="utf-8"?>
<Project ToolsVersion="4.0" xmlns="http://schemas.microsoft.com/developer/msbuild/2003">
  <ItemGroup>
    <ClCompile Include="$(MSBuildThisFileDirectory)acMath.cpp">
      <Filter>Common</Filter>
    </ClCompile>
    <ClCompile Include="$(MSBuildThisFileDirectory)acEntity.cpp">
      <Filter>Common</Filter>
    </ClCompile>
    <ClCompile Include="$(MSBuildThisFileDirectory)acInput.cpp">
      <Filter>Helpers</Filter>
    </ClCompile>
    <ClCompile Include="$(MSBuildThisFileDirectory)acTime.cpp">
      <Filter>Helpers</Filter>
    </ClCompile>
    <ClCompile Include="$(MSBuildThisFileDirectory)acApplication.cpp">
      <Filter>Application</Filter>
    </ClCompile>
    <ClCompile Include="$(MSBuildThisFileDirectory)acGameObject.cpp">
      <Filter>GameObject</Filter>
    </ClCompile>
    <ClCompile Include="$(MSBuildThisFileDirectory)acTransformComponent.cpp">
      <Filter>Components\Transform</Filter>
    </ClCompile>
    <ClCompile Include="$(MSBuildThisFileDirectory)acComponent.cpp">
      <Filter>Components</Filter>
    </ClCompile>
    <ClCompile Include="$(MSBuildThisFileDirectory)acScriptComponent.cpp">
      <Filter>Components\Script</Filter>
    </ClCompile>
    <ClCompile Include="$(MSBuildThisFileDirectory)acScene.cpp">
      <Filter>Scene</Filter>
    </ClCompile>
    <ClCompile Include="$(MSBuildThisFileDirectory)acSceneManager.cpp">
      <Filter>Scene</Filter>
    </ClCompile>
    <ClCompile Include="$(MSBuildThisFileDirectory)acLayer.cpp">
      <Filter>Layer</Filter>
    </ClCompile>
    <ClCompile Include="$(MSBuildThisFileDirectory)acSpriteRendererComponent.cpp">
      <Filter>Components\SpriteRenderer</Filter>
    </ClCompile>
    <ClCompile Include="$(MSBuildThisFileDirectory)acResource.cpp">
      <Filter>Resource</Filter>
    </ClCompile>
    <ClCompile Include="$(MSBuildThisFileDirectory)acResources.cpp">
      <Filter>Resource</Filter>
    </ClCompile>
    <ClCompile Include="$(MSBuildThisFileDirectory)acTexture.cpp">
      <Filter>Resource\Texture</Filter>
    </ClCompile>
    <ClCompile Include="$(MSBuildThisFileDirectory)acAnimatorComponent.cpp">
      <Filter>Components\Animator</Filter>
    </ClCompile>
    <ClCompile Include="$(MSBuildThisFileDirectory)acAnimation.cpp">
      <Filter>Components\Animator</Filter>
    <ClCompile Include="$(MSBuildThisFileDirectory)acColliderComponent.cpp">
      <Filter>Components\Collider</Filter>
    </ClCompile>
    <ClCompile Include="$(MSBuildThisFileDirectory)acCollisionManager.cpp">
      <Filter>Collision</Filter>
    </ClCompile>
    <ClCompile Include="$(MSBuildThisFileDirectory)acBoxCollidier2DComponent.cpp">
      <Filter>Components\Collider\BoxCollider2D</Filter>
    </ClCompile>
    <ClCompile Include="$(MSBuildThisFileDirectory)acCircleCollider2DComponent.cpp">
      <Filter>Components\Collider\CircleCollider2D</Filter>
    </ClCompile>
    <ClCompile Include="$(MSBuildThisFileDirectory)acCameraComponent.cpp">
      <Filter>Components\Camera</Filter>
    </ClCompile>
    <ClCompile Include="$(MSBuildThisFileDirectory)acRenderer.cpp">
      <Filter>Renderer</Filter>
    </ClCompile>
  </ItemGroup>
  <ItemGroup>
    <ClInclude Include="$(MSBuildThisFileDirectory)acMath.h">
      <Filter>Common</Filter>
    </ClInclude>
    <ClInclude Include="$(MSBuildThisFileDirectory)acEntity.h">
      <Filter>Common</Filter>
    </ClInclude>
    <ClInclude Include="$(MSBuildThisFileDirectory)acTime.h">
      <Filter>Helpers</Filter>
    </ClInclude>
    <ClInclude Include="$(MSBuildThisFileDirectory)acInput.h">
      <Filter>Helpers</Filter>
    </ClInclude>
    <ClInclude Include="$(MSBuildThisFileDirectory)acApplication.h">
      <Filter>Application</Filter>
    </ClInclude>
    <ClInclude Include="$(MSBuildThisFileDirectory)CommonInclude.h">
      <Filter>Common</Filter>
    </ClInclude>
    <ClInclude Include="$(MSBuildThisFileDirectory)acGameObject.h">
      <Filter>GameObject</Filter>
    </ClInclude>
    <ClInclude Include="$(MSBuildThisFileDirectory)acEnums.h">
      <Filter>Common</Filter>
    </ClInclude>
    <ClInclude Include="$(MSBuildThisFileDirectory)acTransformComponent.h">
      <Filter>Components\Transform</Filter>
    </ClInclude>
    <ClInclude Include="$(MSBuildThisFileDirectory)acComponent.h">
      <Filter>Components</Filter>
    </ClInclude>
    <ClInclude Include="$(MSBuildThisFileDirectory)acScriptComponent.h">
      <Filter>Components\Script</Filter>
    </ClInclude>
    <ClInclude Include="$(MSBuildThisFileDirectory)acEnums.h">
      <Filter>Common</Filter>
    </ClInclude>
    <ClInclude Include="$(MSBuildThisFileDirectory)acScene.h">
      <Filter>Scene</Filter>
    </ClInclude>
    <ClInclude Include="$(MSBuildThisFileDirectory)acSceneManager.h">
      <Filter>Scene</Filter>
    </ClInclude>
    <ClInclude Include="$(MSBuildThisFileDirectory)acLayer.h">
      <Filter>Layer</Filter>
    </ClInclude>
    <ClInclude Include="$(MSBuildThisFileDirectory)acSpriteRendererComponent.h">
      <Filter>Components\SpriteRenderer</Filter>
    </ClInclude>
    <ClInclude Include="$(MSBuildThisFileDirectory)acResource.h">
      <Filter>Resource</Filter>
    </ClInclude>
    <ClInclude Include="$(MSBuildThisFileDirectory)acResources.h">
      <Filter>Resource</Filter>
    </ClInclude>
    <ClInclude Include="$(MSBuildThisFileDirectory)acTexture.h">
      <Filter>Resource\Texture</Filter>
    </ClInclude>
    <ClInclude Include="$(MSBuildThisFileDirectory)acAnimatorComponent.h">
      <Filter>Components\Animator</Filter>
    </ClInclude>
    <ClInclude Include="$(MSBuildThisFileDirectory)acAnimation.h">
      <Filter>Components\Animator</Filter>
    <ClInclude Include="$(MSBuildThisFileDirectory)acCameraComponent.h">
      <Filter>Components\Camera</Filter>
    </ClInclude>
    <ClInclude Include="$(MSBuildThisFileDirectory)acRenderer.h">
      <Filter>Renderer</Filter>
    </ClInclude>
    <ClInclude Include="$(MSBuildThisFileDirectory)acColliderComponent.h">
      <Filter>Components\Collider</Filter>
    </ClInclude>
    <ClInclude Include="$(MSBuildThisFileDirectory)acCollisionManager.h">
      <Filter>Collision</Filter>
    </ClInclude>
    <ClInclude Include="$(MSBuildThisFileDirectory)acBoxCollidier2DComponent.h">
      <Filter>Components\Collider\BoxCollider2D</Filter>
    </ClInclude>
    <ClInclude Include="$(MSBuildThisFileDirectory)acCircleCollider2DComponent.h">
      <Filter>Components\Collider\CircleCollider2D</Filter>
    </ClInclude>
  </ItemGroup>
  <ItemGroup>
    <Filter Include="Common">
      <UniqueIdentifier>{63cf0267-682b-45bb-b7f3-4a9dde02acc6}</UniqueIdentifier>
    </Filter>
    <Filter Include="Helpers">
      <UniqueIdentifier>{7e3fccbc-f454-4288-9dc7-f8a801786503}</UniqueIdentifier>
    </Filter>
    <Filter Include="Application">
      <UniqueIdentifier>{5c7a7d35-ecec-42ad-abab-667ce962a9d4}</UniqueIdentifier>
    </Filter>
    <Filter Include="GameObject">
      <UniqueIdentifier>{425a4c4f-10a9-4617-a1a1-d97e90022a74}</UniqueIdentifier>
    </Filter>
    <Filter Include="Components">
      <UniqueIdentifier>{5bcbd394-1db6-4a55-9141-d26bcb2d3d77}</UniqueIdentifier>
    </Filter>
    <Filter Include="Components\Transform">
      <UniqueIdentifier>{586206be-14d8-4360-a836-f8be6c2abf81}</UniqueIdentifier>
    </Filter>
    <Filter Include="Components\Script">
      <UniqueIdentifier>{b264960f-2a9c-43b6-82dc-70c3749cce42}</UniqueIdentifier>
    </Filter>
    <Filter Include="Scene">
      <UniqueIdentifier>{e1b73266-d699-4a44-9316-86727fd043a9}</UniqueIdentifier>
    </Filter>
    <Filter Include="Layer">
      <UniqueIdentifier>{97846682-277e-489f-9345-0bd7b46a966a}</UniqueIdentifier>
    </Filter>
    <Filter Include="Components\SpriteRenderer">
      <UniqueIdentifier>{eb9f1a6c-c0eb-4bb8-97ba-0f488cadcaff}</UniqueIdentifier>
    </Filter>
    <Filter Include="Resource">
      <UniqueIdentifier>{1137096c-41fc-43c7-a2d2-d0b18a25594b}</UniqueIdentifier>
    </Filter>
    <Filter Include="Resource\Texture">
      <UniqueIdentifier>{df23ccb0-3c0f-43a8-af19-bc71b7d7f9cd}</UniqueIdentifier>
    </Filter>
    <Filter Include="Components\Animator">
      <UniqueIdentifier>{c649f40f-1ffb-4e25-bd82-188cb0e927fc}</UniqueIdentifier>
    <Filter Include="Components\Camera">
      <UniqueIdentifier>{56f4d09e-bd67-4b2d-b1b3-439f25166bd0}</UniqueIdentifier>
    </Filter>
    <Filter Include="Renderer">
      <UniqueIdentifier>{71a9c9a7-c280-4fa7-afad-245c52dab4e4}</UniqueIdentifier>
    </Filter>
    <Filter Include="Components\Collider">
      <UniqueIdentifier>{7fee990b-4bad-4614-9354-793f589bc66b}</UniqueIdentifier>
    </Filter>
    <Filter Include="Collision">
      <UniqueIdentifier>{05dd7bb6-6a8c-4df0-9e15-1ab9cc9af0a0}</UniqueIdentifier>
    </Filter>
    <Filter Include="Components\Collider\BoxCollider2D">
      <UniqueIdentifier>{eb1da46e-4cfc-4d44-87ee-6992183f3a8c}</UniqueIdentifier>
    </Filter>
    <Filter Include="Components\Collider\CircleCollider2D">
      <UniqueIdentifier>{d71a96e7-8543-4ddb-8c81-11af77015ca4}</UniqueIdentifier>
    </Filter>
  </ItemGroup>
</Project>