<?xml version="1.0" encoding="utf-8"?>
<Project ToolsVersion="4.0" xmlns="http://schemas.microsoft.com/developer/msbuild/2003">
  <ItemGroup>
    <ClCompile Include="$(MSBuildThisFileDirectory)acApplication.cpp" />
    <ClCompile Include="$(MSBuildThisFileDirectory)acTime.cpp">
      <Filter>Helpers</Filter>
    </ClCompile>
  </ItemGroup>
  <ItemGroup>
    <ClInclude Include="$(MSBuildThisFileDirectory)acApplication.h" />
    <ClInclude Include="$(MSBuildThisFileDirectory)acTime.h">
      <Filter>Helpers</Filter>
    </ClInclude>
    <ClInclude Include="$(MSBuildThisFileDirectory)CommonInclude.h">
      <Filter>Common</Filter>
    </ClInclude>
  </ItemGroup>
  <ItemGroup>
    <Filter Include="Common">
      <UniqueIdentifier>{3165ef91-5c78-4ba4-b9f2-1b2f1b133ed5}</UniqueIdentifier>
    </Filter>
    <Filter Include="Helpers">
      <UniqueIdentifier>{e6c1e42a-ad0c-40b1-ba8a-10853d7451d3}</UniqueIdentifier>
    </Filter>
  </ItemGroup>
</Project>